
Microsoft Visual Studio Solution File, Format Version 9.00
# Visual Studio 2005
Project("{FAE04EC0-301F-11D3-BF4B-00C04F79EFBC}") = "Noxa.Emulation.Psp", "Noxa.Emulation.Psp\Noxa.Emulation.Psp.csproj", "{C211B8D0-BA1C-4B50-A19F-CEE9C396CA56}"
EndProject
Project("{FAE04EC0-301F-11D3-BF4B-00C04F79EFBC}") = "Noxa.Emulation.Psp.Player", "Noxa.Emulation.Psp.Player\Noxa.Emulation.Psp.Player.csproj", "{1497FF04-09C9-4D55-A617-E4EB10747319}"
EndProject
Project("{FAE04EC0-301F-11D3-BF4B-00C04F79EFBC}") = "Noxa.Emulation.Psp.Configuration", "Noxa.Emulation.Psp.Configuration\Noxa.Emulation.Psp.Configuration.csproj", "{9FC81B11-9C39-42AE-9DF6-3C08D4A9F8C1}"
EndProject
Project("{FAE04EC0-301F-11D3-BF4B-00C04F79EFBC}") = "Noxa.Emulation.Psp.Bios.GenericHle", "Noxa.Emulation.Psp.Bios.GenericHle\Noxa.Emulation.Psp.Bios.GenericHle.csproj", "{96442D9A-AE98-47BE-A418-BA6E42CF81EB}"
EndProject
Project("{FAE04EC0-301F-11D3-BF4B-00C04F79EFBC}") = "Noxa.Emulation.Psp.Video.Direct3DM", "Noxa.Emulation.Psp.Video.Direct3DM\Noxa.Emulation.Psp.Video.Direct3DM.csproj", "{65DADACB-3DDB-43BE-9AAD-615AFCA39CA4}"
EndProject
Project("{FAE04EC0-301F-11D3-BF4B-00C04F79EFBC}") = "Noxa.Emulation.Psp.Cpu.R4000DynRec", "Noxa.Emulation.Psp.Cpu.R4000DynRec\Noxa.Emulation.Psp.Cpu.R4000DynRec.csproj", "{BDAC73D0-51AD-4AB4-A3E4-BB425C48E75C}"
EndProject
Project("{FAE04EC0-301F-11D3-BF4B-00C04F79EFBC}") = "Noxa.Utilities", "Noxa.Utilities\Noxa.Utilities.csproj", "{7609D1BE-23AC-4E67-AD44-9D1E637FB202}"
EndProject
Project("{FAE04EC0-301F-11D3-BF4B-00C04F79EFBC}") = "Noxa.Utilities.Controls", "Noxa.Utilities.Controls\Noxa.Utilities.Controls.csproj", "{67000884-BAF0-40B5-8D24-F06D2D623787}"
EndProject
Project("{8BC9CEB8-8B4A-11D0-8D11-00A0C91BC942}") = "CpuTests", "Tests\CpuTests\CpuTests.vcproj", "{9A891E57-91F1-4625-B2BB-21AAB64F56C5}"
EndProject
Project("{FAE04EC0-301F-11D3-BF4B-00C04F79EFBC}") = "Noxa.Emulation.Psp.Player.Development", "Noxa.Emulation.Psp.Player.Development\Noxa.Emulation.Psp.Player.Development.csproj", "{CC484F2B-C009-4756-8A3F-2E488EE611BE}"
EndProject
Project("{FAE04EC0-301F-11D3-BF4B-00C04F79EFBC}") = "Noxa.Emulation.Psp.Input.DirectInput", "Noxa.Emulation.Psp.Input.DirectInput\Noxa.Emulation.Psp.Input.DirectInput.csproj", "{39564A92-4D71-4B1C-B841-4CE034D42E87}"
EndProject
Project("{FAE04EC0-301F-11D3-BF4B-00C04F79EFBC}") = "Noxa.Emulation.Psp.Input.XInput", "Noxa.Emulation.Psp.Input.XInput\Noxa.Emulation.Psp.Input.XInput.csproj", "{66261194-90FB-4F51-91DD-6C49741AFB3C}"
EndProject
Project("{FAE04EC0-301F-11D3-BF4B-00C04F79EFBC}") = "Noxa.Emulation.Psp.Media.HostFileSystem", "Noxa.Emulation.Psp.Media.HostFileSystem\Noxa.Emulation.Psp.Media.HostFileSystem.csproj", "{30EA9C83-286D-4560-8B12-6E4530A5ECAD}"
EndProject
Project("{FAE04EC0-301F-11D3-BF4B-00C04F79EFBC}") = "Noxa.Emulation.Psp.Media.Iso", "Noxa.Emulation.Psp.Media.Iso\Noxa.Emulation.Psp.Media.Iso.csproj", "{5724E076-9383-49DF-BFE2-21D206ED3E0A}"
EndProject
Global
	GlobalSection(SolutionConfigurationPlatforms) = preSolution
		Debug|Any CPU = Debug|Any CPU
		Debug|Mixed Platforms = Debug|Mixed Platforms
		Debug|Win32 = Debug|Win32
		Release|Any CPU = Release|Any CPU
		Release|Mixed Platforms = Release|Mixed Platforms
		Release|Win32 = Release|Win32
	EndGlobalSection
	GlobalSection(ProjectConfigurationPlatforms) = postSolution
		{C211B8D0-BA1C-4B50-A19F-CEE9C396CA56}.Debug|Any CPU.ActiveCfg = Debug|Any CPU
		{C211B8D0-BA1C-4B50-A19F-CEE9C396CA56}.Debug|Any CPU.Build.0 = Debug|Any CPU
		{C211B8D0-BA1C-4B50-A19F-CEE9C396CA56}.Debug|Mixed Platforms.ActiveCfg = Debug|Any CPU
		{C211B8D0-BA1C-4B50-A19F-CEE9C396CA56}.Debug|Mixed Platforms.Build.0 = Debug|Any CPU
		{C211B8D0-BA1C-4B50-A19F-CEE9C396CA56}.Debug|Win32.ActiveCfg = Debug|Any CPU
		{C211B8D0-BA1C-4B50-A19F-CEE9C396CA56}.Release|Any CPU.ActiveCfg = Release|Any CPU
		{C211B8D0-BA1C-4B50-A19F-CEE9C396CA56}.Release|Any CPU.Build.0 = Release|Any CPU
		{C211B8D0-BA1C-4B50-A19F-CEE9C396CA56}.Release|Mixed Platforms.ActiveCfg = Release|Any CPU
		{C211B8D0-BA1C-4B50-A19F-CEE9C396CA56}.Release|Mixed Platforms.Build.0 = Release|Any CPU
		{C211B8D0-BA1C-4B50-A19F-CEE9C396CA56}.Release|Win32.ActiveCfg = Release|Any CPU
		{1497FF04-09C9-4D55-A617-E4EB10747319}.Debug|Any CPU.ActiveCfg = Debug|Any CPU
		{1497FF04-09C9-4D55-A617-E4EB10747319}.Debug|Any CPU.Build.0 = Debug|Any CPU
		{1497FF04-09C9-4D55-A617-E4EB10747319}.Debug|Mixed Platforms.ActiveCfg = Debug|Any CPU
		{1497FF04-09C9-4D55-A617-E4EB10747319}.Debug|Mixed Platforms.Build.0 = Debug|Any CPU
		{1497FF04-09C9-4D55-A617-E4EB10747319}.Debug|Win32.ActiveCfg = Debug|Any CPU
		{1497FF04-09C9-4D55-A617-E4EB10747319}.Release|Any CPU.ActiveCfg = Release|Any CPU
		{1497FF04-09C9-4D55-A617-E4EB10747319}.Release|Any CPU.Build.0 = Release|Any CPU
		{1497FF04-09C9-4D55-A617-E4EB10747319}.Release|Mixed Platforms.ActiveCfg = Release|Any CPU
		{1497FF04-09C9-4D55-A617-E4EB10747319}.Release|Mixed Platforms.Build.0 = Release|Any CPU
		{1497FF04-09C9-4D55-A617-E4EB10747319}.Release|Win32.ActiveCfg = Release|Any CPU
		{9FC81B11-9C39-42AE-9DF6-3C08D4A9F8C1}.Debug|Any CPU.ActiveCfg = Debug|Any CPU
		{9FC81B11-9C39-42AE-9DF6-3C08D4A9F8C1}.Debug|Any CPU.Build.0 = Debug|Any CPU
		{9FC81B11-9C39-42AE-9DF6-3C08D4A9F8C1}.Debug|Mixed Platforms.ActiveCfg = Debug|Any CPU
		{9FC81B11-9C39-42AE-9DF6-3C08D4A9F8C1}.Debug|Mixed Platforms.Build.0 = Debug|Any CPU
		{9FC81B11-9C39-42AE-9DF6-3C08D4A9F8C1}.Debug|Win32.ActiveCfg = Debug|Any CPU
		{9FC81B11-9C39-42AE-9DF6-3C08D4A9F8C1}.Release|Any CPU.ActiveCfg = Release|Any CPU
		{9FC81B11-9C39-42AE-9DF6-3C08D4A9F8C1}.Release|Any CPU.Build.0 = Release|Any CPU
		{9FC81B11-9C39-42AE-9DF6-3C08D4A9F8C1}.Release|Mixed Platforms.ActiveCfg = Release|Any CPU
		{9FC81B11-9C39-42AE-9DF6-3C08D4A9F8C1}.Release|Mixed Platforms.Build.0 = Release|Any CPU
		{9FC81B11-9C39-42AE-9DF6-3C08D4A9F8C1}.Release|Win32.ActiveCfg = Release|Any CPU
		{96442D9A-AE98-47BE-A418-BA6E42CF81EB}.Debug|Any CPU.ActiveCfg = Debug|Any CPU
		{96442D9A-AE98-47BE-A418-BA6E42CF81EB}.Debug|Any CPU.Build.0 = Debug|Any CPU
		{96442D9A-AE98-47BE-A418-BA6E42CF81EB}.Debug|Mixed Platforms.ActiveCfg = Debug|Any CPU
		{96442D9A-AE98-47BE-A418-BA6E42CF81EB}.Debug|Mixed Platforms.Build.0 = Debug|Any CPU
		{96442D9A-AE98-47BE-A418-BA6E42CF81EB}.Debug|Win32.ActiveCfg = Debug|Any CPU
		{96442D9A-AE98-47BE-A418-BA6E42CF81EB}.Release|Any CPU.ActiveCfg = Release|Any CPU
		{96442D9A-AE98-47BE-A418-BA6E42CF81EB}.Release|Any CPU.Build.0 = Release|Any CPU
		{96442D9A-AE98-47BE-A418-BA6E42CF81EB}.Release|Mixed Platforms.ActiveCfg = Release|Any CPU
		{96442D9A-AE98-47BE-A418-BA6E42CF81EB}.Release|Mixed Platforms.Build.0 = Release|Any CPU
		{96442D9A-AE98-47BE-A418-BA6E42CF81EB}.Release|Win32.ActiveCfg = Release|Any CPU
		{65DADACB-3DDB-43BE-9AAD-615AFCA39CA4}.Debug|Any CPU.ActiveCfg = Debug|Any CPU
		{65DADACB-3DDB-43BE-9AAD-615AFCA39CA4}.Debug|Any CPU.Build.0 = Debug|Any CPU
		{65DADACB-3DDB-43BE-9AAD-615AFCA39CA4}.Debug|Mixed Platforms.ActiveCfg = Debug|Any CPU
		{65DADACB-3DDB-43BE-9AAD-615AFCA39CA4}.Debug|Mixed Platforms.Build.0 = Debug|Any CPU
		{65DADACB-3DDB-43BE-9AAD-615AFCA39CA4}.Debug|Win32.ActiveCfg = Debug|Any CPU
		{65DADACB-3DDB-43BE-9AAD-615AFCA39CA4}.Release|Any CPU.ActiveCfg = Release|Any CPU
		{65DADACB-3DDB-43BE-9AAD-615AFCA39CA4}.Release|Any CPU.Build.0 = Release|Any CPU
		{65DADACB-3DDB-43BE-9AAD-615AFCA39CA4}.Release|Mixed Platforms.ActiveCfg = Release|Any CPU
		{65DADACB-3DDB-43BE-9AAD-615AFCA39CA4}.Release|Win32.ActiveCfg = Release|Any CPU
		{BDAC73D0-51AD-4AB4-A3E4-BB425C48E75C}.Debug|Any CPU.ActiveCfg = Debug|Any CPU
		{BDAC73D0-51AD-4AB4-A3E4-BB425C48E75C}.Debug|Any CPU.Build.0 = Debug|Any CPU
		{BDAC73D0-51AD-4AB4-A3E4-BB425C48E75C}.Debug|Mixed Platforms.ActiveCfg = Debug|Any CPU
		{BDAC73D0-51AD-4AB4-A3E4-BB425C48E75C}.Debug|Mixed Platforms.Build.0 = Debug|Any CPU
		{BDAC73D0-51AD-4AB4-A3E4-BB425C48E75C}.Debug|Win32.ActiveCfg = Debug|Any CPU
		{BDAC73D0-51AD-4AB4-A3E4-BB425C48E75C}.Release|Any CPU.ActiveCfg = Release|Any CPU
		{BDAC73D0-51AD-4AB4-A3E4-BB425C48E75C}.Release|Any CPU.Build.0 = Release|Any CPU
		{BDAC73D0-51AD-4AB4-A3E4-BB425C48E75C}.Release|Mixed Platforms.ActiveCfg = Release|Any CPU
		{BDAC73D0-51AD-4AB4-A3E4-BB425C48E75C}.Release|Mixed Platforms.Build.0 = Release|Any CPU
		{BDAC73D0-51AD-4AB4-A3E4-BB425C48E75C}.Release|Win32.ActiveCfg = Release|Any CPU
		{7609D1BE-23AC-4E67-AD44-9D1E637FB202}.Debug|Any CPU.ActiveCfg = Debug|Any CPU
		{7609D1BE-23AC-4E67-AD44-9D1E637FB202}.Debug|Any CPU.Build.0 = Debug|Any CPU
		{7609D1BE-23AC-4E67-AD44-9D1E637FB202}.Debug|Mixed Platforms.ActiveCfg = Debug|Any CPU
		{7609D1BE-23AC-4E67-AD44-9D1E637FB202}.Debug|Mixed Platforms.Build.0 = Debug|Any CPU
		{7609D1BE-23AC-4E67-AD44-9D1E637FB202}.Debug|Win32.ActiveCfg = Debug|Any CPU
		{7609D1BE-23AC-4E67-AD44-9D1E637FB202}.Release|Any CPU.ActiveCfg = Release|Any CPU
		{7609D1BE-23AC-4E67-AD44-9D1E637FB202}.Release|Any CPU.Build.0 = Release|Any CPU
		{7609D1BE-23AC-4E67-AD44-9D1E637FB202}.Release|Mixed Platforms.ActiveCfg = Release|Any CPU
		{7609D1BE-23AC-4E67-AD44-9D1E637FB202}.Release|Mixed Platforms.Build.0 = Release|Any CPU
		{7609D1BE-23AC-4E67-AD44-9D1E637FB202}.Release|Win32.ActiveCfg = Release|Any CPU
		{67000884-BAF0-40B5-8D24-F06D2D623787}.Debug|Any CPU.ActiveCfg = Debug|Any CPU
		{67000884-BAF0-40B5-8D24-F06D2D623787}.Debug|Any CPU.Build.0 = Debug|Any CPU
		{67000884-BAF0-40B5-8D24-F06D2D623787}.Debug|Mixed Platforms.ActiveCfg = Debug|Any CPU
		{67000884-BAF0-40B5-8D24-F06D2D623787}.Debug|Mixed Platforms.Build.0 = Debug|Any CPU
		{67000884-BAF0-40B5-8D24-F06D2D623787}.Debug|Win32.ActiveCfg = Debug|Any CPU
		{67000884-BAF0-40B5-8D24-F06D2D623787}.Release|Any CPU.ActiveCfg = Release|Any CPU
		{67000884-BAF0-40B5-8D24-F06D2D623787}.Release|Any CPU.Build.0 = Release|Any CPU
		{67000884-BAF0-40B5-8D24-F06D2D623787}.Release|Mixed Platforms.ActiveCfg = Release|Any CPU
		{67000884-BAF0-40B5-8D24-F06D2D623787}.Release|Mixed Platforms.Build.0 = Release|Any CPU
		{67000884-BAF0-40B5-8D24-F06D2D623787}.Release|Win32.ActiveCfg = Release|Any CPU
		{9A891E57-91F1-4625-B2BB-21AAB64F56C5}.Debug|Any CPU.ActiveCfg = Debug|Win32
		{9A891E57-91F1-4625-B2BB-21AAB64F56C5}.Debug|Mixed Platforms.ActiveCfg = Debug|Win32
		{9A891E57-91F1-4625-B2BB-21AAB64F56C5}.Debug|Win32.ActiveCfg = Debug|Win32
		{9A891E57-91F1-4625-B2BB-21AAB64F56C5}.Debug|Win32.Build.0 = Debug|Win32
		{9A891E57-91F1-4625-B2BB-21AAB64F56C5}.Release|Any CPU.ActiveCfg = Release|Win32
		{9A891E57-91F1-4625-B2BB-21AAB64F56C5}.Release|Mixed Platforms.ActiveCfg = Release|Win32
		{9A891E57-91F1-4625-B2BB-21AAB64F56C5}.Release|Mixed Platforms.Build.0 = Release|Win32
		{9A891E57-91F1-4625-B2BB-21AAB64F56C5}.Release|Win32.ActiveCfg = Release|Win32
		{9A891E57-91F1-4625-B2BB-21AAB64F56C5}.Release|Win32.Build.0 = Release|Win32
		{CC484F2B-C009-4756-8A3F-2E488EE611BE}.Debug|Any CPU.ActiveCfg = Debug|Any CPU
		{CC484F2B-C009-4756-8A3F-2E488EE611BE}.Debug|Any CPU.Build.0 = Debug|Any CPU
		{CC484F2B-C009-4756-8A3F-2E488EE611BE}.Debug|Mixed Platforms.ActiveCfg = Debug|Any CPU
		{CC484F2B-C009-4756-8A3F-2E488EE611BE}.Debug|Mixed Platforms.Build.0 = Debug|Any CPU
		{CC484F2B-C009-4756-8A3F-2E488EE611BE}.Debug|Win32.ActiveCfg = Debug|Any CPU
		{CC484F2B-C009-4756-8A3F-2E488EE611BE}.Release|Any CPU.ActiveCfg = Release|Any CPU
		{CC484F2B-C009-4756-8A3F-2E488EE611BE}.Release|Any CPU.Build.0 = Release|Any CPU
		{CC484F2B-C009-4756-8A3F-2E488EE611BE}.Release|Mixed Platforms.ActiveCfg = Release|Any CPU
		{CC484F2B-C009-4756-8A3F-2E488EE611BE}.Release|Mixed Platforms.Build.0 = Release|Any CPU
		{CC484F2B-C009-4756-8A3F-2E488EE611BE}.Release|Win32.ActiveCfg = Release|Any CPU
		{39564A92-4D71-4B1C-B841-4CE034D42E87}.Debug|Any CPU.ActiveCfg = Debug|Any CPU
		{39564A92-4D71-4B1C-B841-4CE034D42E87}.Debug|Any CPU.Build.0 = Debug|Any CPU
		{39564A92-4D71-4B1C-B841-4CE034D42E87}.Debug|Mixed Platforms.ActiveCfg = Debug|Any CPU
		{39564A92-4D71-4B1C-B841-4CE034D42E87}.Debug|Mixed Platforms.Build.0 = Debug|Any CPU
		{39564A92-4D71-4B1C-B841-4CE034D42E87}.Debug|Win32.ActiveCfg = Debug|Any CPU
		{39564A92-4D71-4B1C-B841-4CE034D42E87}.Release|Any CPU.ActiveCfg = Release|Any CPU
		{39564A92-4D71-4B1C-B841-4CE034D42E87}.Release|Any CPU.Build.0 = Release|Any CPU
		{39564A92-4D71-4B1C-B841-4CE034D42E87}.Release|Mixed Platforms.ActiveCfg = Release|Any CPU
		{39564A92-4D71-4B1C-B841-4CE034D42E87}.Release|Mixed Platforms.Build.0 = Release|Any CPU
		{39564A92-4D71-4B1C-B841-4CE034D42E87}.Release|Win32.ActiveCfg = Release|Any CPU
		{66261194-90FB-4F51-91DD-6C49741AFB3C}.Debug|Any CPU.ActiveCfg = Debug|Any CPU
		{66261194-90FB-4F51-91DD-6C49741AFB3C}.Debug|Any CPU.Build.0 = Debug|Any CPU
		{66261194-90FB-4F51-91DD-6C49741AFB3C}.Debug|Mixed Platforms.ActiveCfg = Debug|Any CPU
		{66261194-90FB-4F51-91DD-6C49741AFB3C}.Debug|Mixed Platforms.Build.0 = Debug|Any CPU
		{66261194-90FB-4F51-91DD-6C49741AFB3C}.Debug|Win32.ActiveCfg = Debug|Any CPU
		{66261194-90FB-4F51-91DD-6C49741AFB3C}.Release|Any CPU.ActiveCfg = Release|Any CPU
		{66261194-90FB-4F51-91DD-6C49741AFB3C}.Release|Any CPU.Build.0 = Release|Any CPU
		{66261194-90FB-4F51-91DD-6C49741AFB3C}.Release|Mixed Platforms.ActiveCfg = Release|Any CPU
		{66261194-90FB-4F51-91DD-6C49741AFB3C}.Release|Mixed Platforms.Build.0 = Release|Any CPU
		{66261194-90FB-4F51-91DD-6C49741AFB3C}.Release|Win32.ActiveCfg = Release|Any CPU
		{30EA9C83-286D-4560-8B12-6E4530A5ECAD}.Debug|Any CPU.ActiveCfg = Debug|Any CPU
		{30EA9C83-286D-4560-8B12-6E4530A5ECAD}.Debug|Any CPU.Build.0 = Debug|Any CPU
		{30EA9C83-286D-4560-8B12-6E4530A5ECAD}.Debug|Mixed Platforms.ActiveCfg = Debug|Any CPU
		{30EA9C83-286D-4560-8B12-6E4530A5ECAD}.Debug|Mixed Platforms.Build.0 = Debug|Any CPU
		{30EA9C83-286D-4560-8B12-6E4530A5ECAD}.Debug|Win32.ActiveCfg = Debug|Any CPU
		{30EA9C83-286D-4560-8B12-6E4530A5ECAD}.Release|Any CPU.ActiveCfg = Release|Any CPU
		{30EA9C83-286D-4560-8B12-6E4530A5ECAD}.Release|Any CPU.Build.0 = Release|Any CPU
		{30EA9C83-286D-4560-8B12-6E4530A5ECAD}.Release|Mixed Platforms.ActiveCfg = Release|Any CPU
		{30EA9C83-286D-4560-8B12-6E4530A5ECAD}.Release|Mixed Platforms.Build.0 = Release|Any CPU
		{30EA9C83-286D-4560-8B12-6E4530A5ECAD}.Release|Win32.ActiveCfg = Release|Any CPU
		{5724E076-9383-49DF-BFE2-21D206ED3E0A}.Debug|Any CPU.ActiveCfg = Debug|Any CPU
		{5724E076-9383-49DF-BFE2-21D206ED3E0A}.Debug|Any CPU.Build.0 = Debug|Any CPU
		{5724E076-9383-49DF-BFE2-21D206ED3E0A}.Debug|Mixed Platforms.ActiveCfg = Debug|Any CPU
		{5724E076-9383-49DF-BFE2-21D206ED3E0A}.Debug|Mixed Platforms.Build.0 = Debug|Any CPU
		{5724E076-9383-49DF-BFE2-21D206ED3E0A}.Debug|Win32.ActiveCfg = Debug|Any CPU
		{5724E076-9383-49DF-BFE2-21D206ED3E0A}.Release|Any CPU.ActiveCfg = Release|Any CPU
		{5724E076-9383-49DF-BFE2-21D206ED3E0A}.Release|Any CPU.Build.0 = Release|Any CPU
		{5724E076-9383-49DF-BFE2-21D206ED3E0A}.Release|Mixed Platforms.ActiveCfg = Release|Any CPU
		{5724E076-9383-49DF-BFE2-21D206ED3E0A}.Release|Mixed Platforms.Build.0 = Release|Any CPU
		{5724E076-9383-49DF-BFE2-21D206ED3E0A}.Release|Win32.ActiveCfg = Release|Any CPU
	EndGlobalSection
	GlobalSection(SolutionProperties) = preSolution
		HideSolutionNode = FALSE
	EndGlobalSection
EndGlobal
