
Microsoft Visual Studio Solution File, Format Version 9.00
# Visual Studio 2005
Project("{E24C65DC-7377-472B-9ABA-BC803B73C61A}") = "C:\...\PSPCompat\", "PSPCompat\", "{1080E949-553A-440F-8082-3A699F87CD0F}"
	ProjectSection(WebsiteProperties) = preProject
		Debug.AspNetCompiler.VirtualPath = "/PSPCompat"
		Debug.AspNetCompiler.PhysicalPath = "PSPCompat\"
		Debug.AspNetCompiler.TargetPath = "PrecompiledWeb\PSPCompat\"
		Debug.AspNetCompiler.Updateable = "true"
		Debug.AspNetCompiler.ForceOverwrite = "true"
		Debug.AspNetCompiler.FixedNames = "false"
		Debug.AspNetCompiler.Debug = "True"
		Release.AspNetCompiler.VirtualPath = "/PSPCompat"
		Release.AspNetCompiler.PhysicalPath = "PSPCompat\"
		Release.AspNetCompiler.TargetPath = "PrecompiledWeb\PSPCompat\"
		Release.AspNetCompiler.Updateable = "true"
		Release.AspNetCompiler.ForceOverwrite = "true"
		Release.AspNetCompiler.FixedNames = "false"
		Release.AspNetCompiler.Debug = "False"
		VWDPort = "49181"
	EndProjectSection
EndProject
Project("{2150E333-8FDC-42A3-9474-1A3956D46DE8}") = "Solution Items", "Solution Items", "{0DC4ABAA-575C-4969-BC5E-6109E70173CD}"
	ProjectSection(WebsiteProperties) = preProject
		Debug.AspNetCompiler.Debug = "True"
		Release.AspNetCompiler.Debug = "False"
	EndProjectSection
EndProject
Global
	GlobalSection(SolutionConfigurationPlatforms) = preSolution
		Debug|.NET = Debug|.NET
		Debug|Any CPU = Debug|Any CPU
		Debug|Mixed Platforms = Debug|Mixed Platforms
		Release|.NET = Release|.NET
		Release|Any CPU = Release|Any CPU
		Release|Mixed Platforms = Release|Mixed Platforms
	EndGlobalSection
	GlobalSection(ProjectConfigurationPlatforms) = postSolution
		{1080E949-553A-440F-8082-3A699F87CD0F}.Debug|.NET.ActiveCfg = Debug|.NET
		{1080E949-553A-440F-8082-3A699F87CD0F}.Debug|.NET.Build.0 = Debug|.NET
		{1080E949-553A-440F-8082-3A699F87CD0F}.Debug|Any CPU.ActiveCfg = Debug|.NET
		{1080E949-553A-440F-8082-3A699F87CD0F}.Debug|Mixed Platforms.ActiveCfg = Debug|.NET
		{1080E949-553A-440F-8082-3A699F87CD0F}.Debug|Mixed Platforms.Build.0 = Debug|.NET
		{1080E949-553A-440F-8082-3A699F87CD0F}.Release|.NET.ActiveCfg = Debug|.NET
		{1080E949-553A-440F-8082-3A699F87CD0F}.Release|.NET.Build.0 = Debug|.NET
		{1080E949-553A-440F-8082-3A699F87CD0F}.Release|Any CPU.ActiveCfg = Debug|.NET
		{1080E949-553A-440F-8082-3A699F87CD0F}.Release|Mixed Platforms.ActiveCfg = Debug|.NET
		{1080E949-553A-440F-8082-3A699F87CD0F}.Release|Mixed Platforms.Build.0 = Debug|.NET
	EndGlobalSection
	GlobalSection(SolutionProperties) = preSolution
		HideSolutionNode = FALSE
	EndGlobalSection
EndGlobal
