
Microsoft Visual Studio Solution File, Format Version 9.00
# Visual Studio 2005
Project("{FAE04EC0-301F-11D3-BF4B-00C04F79EFBC}") = "Noxa.Emulation.Psp.HookerPC", "Noxa.Emulation.Psp.HookerPC.csproj", "{3579A3A6-09F6-431A-95F7-35F59ADF6A24}"
EndProject
Project("{FAE04EC0-301F-11D3-BF4B-00C04F79EFBC}") = "Noxa.Utilities", "..\Noxa.Utilities\Noxa.Utilities.csproj", "{7609D1BE-23AC-4E67-AD44-9D1E637FB202}"
EndProject
Project("{FAE04EC0-301F-11D3-BF4B-00C04F79EFBC}") = "Noxa.Utilities.Controls", "..\Noxa.Utilities.Controls\Noxa.Utilities.Controls.csproj", "{67000884-BAF0-40B5-8D24-F06D2D623787}"
EndProject
Global
	GlobalSection(SolutionConfigurationPlatforms) = preSolution
		Debug|Any CPU = Debug|Any CPU
		Release|Any CPU = Release|Any CPU
	EndGlobalSection
	GlobalSection(ProjectConfigurationPlatforms) = postSolution
		{3579A3A6-09F6-431A-95F7-35F59ADF6A24}.Debug|Any CPU.ActiveCfg = Debug|Any CPU
		{3579A3A6-09F6-431A-95F7-35F59ADF6A24}.Debug|Any CPU.Build.0 = Debug|Any CPU
		{3579A3A6-09F6-431A-95F7-35F59ADF6A24}.Release|Any CPU.ActiveCfg = Release|Any CPU
		{3579A3A6-09F6-431A-95F7-35F59ADF6A24}.Release|Any CPU.Build.0 = Release|Any CPU
		{7609D1BE-23AC-4E67-AD44-9D1E637FB202}.Debug|Any CPU.ActiveCfg = Debug|Any CPU
		{7609D1BE-23AC-4E67-AD44-9D1E637FB202}.Debug|Any CPU.Build.0 = Debug|Any CPU
		{7609D1BE-23AC-4E67-AD44-9D1E637FB202}.Release|Any CPU.ActiveCfg = Release|Any CPU
		{7609D1BE-23AC-4E67-AD44-9D1E637FB202}.Release|Any CPU.Build.0 = Release|Any CPU
		{67000884-BAF0-40B5-8D24-F06D2D623787}.Debug|Any CPU.ActiveCfg = Debug|Any CPU
		{67000884-BAF0-40B5-8D24-F06D2D623787}.Debug|Any CPU.Build.0 = Debug|Any CPU
		{67000884-BAF0-40B5-8D24-F06D2D623787}.Release|Any CPU.ActiveCfg = Release|Any CPU
		{67000884-BAF0-40B5-8D24-F06D2D623787}.Release|Any CPU.Build.0 = Release|Any CPU
	EndGlobalSection
	GlobalSection(SolutionProperties) = preSolution
		HideSolutionNode = FALSE
	EndGlobalSection
EndGlobal
