
Microsoft Visual Studio Solution File, Format Version 9.00
# Visual Studio 2005
Project("{FAE04EC0-301F-11D3-BF4B-00C04F79EFBC}") = "GenerateHooker", "GenerateHooker.csproj", "{985E1E31-AA8A-4214-9F2F-5D208F320CDC}"
EndProject
Global
	GlobalSection(SolutionConfigurationPlatforms) = preSolution
		Debug|Any CPU = Debug|Any CPU
		Release|Any CPU = Release|Any CPU
	EndGlobalSection
	GlobalSection(ProjectConfigurationPlatforms) = postSolution
		{985E1E31-AA8A-4214-9F2F-5D208F320CDC}.Debug|Any CPU.ActiveCfg = Debug|Any CPU
		{985E1E31-AA8A-4214-9F2F-5D208F320CDC}.Debug|Any CPU.Build.0 = Debug|Any CPU
		{985E1E31-AA8A-4214-9F2F-5D208F320CDC}.Release|Any CPU.ActiveCfg = Release|Any CPU
		{985E1E31-AA8A-4214-9F2F-5D208F320CDC}.Release|Any CPU.Build.0 = Release|Any CPU
	EndGlobalSection
	GlobalSection(SolutionProperties) = preSolution
		HideSolutionNode = FALSE
	EndGlobalSection
EndGlobal
