
Microsoft Visual Studio Solution File, Format Version 9.00
# Visual Studio 2005
Project("{FAE04EC0-301F-11D3-BF4B-00C04F79EFBC}") = "GenerateStubs", "GenerateStubs.csproj", "{10FC006A-24C1-4889-82FE-A6F5D9345173}"
EndProject
Global
	GlobalSection(SolutionConfigurationPlatforms) = preSolution
		Debug|Any CPU = Debug|Any CPU
		Release|Any CPU = Release|Any CPU
	EndGlobalSection
	GlobalSection(ProjectConfigurationPlatforms) = postSolution
		{10FC006A-24C1-4889-82FE-A6F5D9345173}.Debug|Any CPU.ActiveCfg = Debug|Any CPU
		{10FC006A-24C1-4889-82FE-A6F5D9345173}.Debug|Any CPU.Build.0 = Debug|Any CPU
		{10FC006A-24C1-4889-82FE-A6F5D9345173}.Release|Any CPU.ActiveCfg = Release|Any CPU
		{10FC006A-24C1-4889-82FE-A6F5D9345173}.Release|Any CPU.Build.0 = Release|Any CPU
	EndGlobalSection
	GlobalSection(SolutionProperties) = preSolution
		HideSolutionNode = FALSE
	EndGlobalSection
EndGlobal
